
Microsoft Visual Studio Solution File, Format Version 12.00
# Visual Studio Version 17
VisualStudioVersion = 17.0.31903.59
MinimumVisualStudioVersion = 10.0.40219.1
Project("{2150E333-8FDC-42A3-9474-1A3956D46DE8}") = "src", "src", "{C1CD4B2F-02A6-4DF8-89B4-D1CD3495B31A}"
EndProject
Project("{2150E333-8FDC-42A3-9474-1A3956D46DE8}") = "Building Block", "Building Block", "{005E7FDC-6A1D-48E3-905D-377CB895EB62}"
EndProject
Project("{2150E333-8FDC-42A3-9474-1A3956D46DE8}") = "Services", "Services", "{5068E0A2-5C9D-4467-9703-13D013ECF067}"
EndProject
Project("{2150E333-8FDC-42A3-9474-1A3956D46DE8}") = "Web", "Web", "{5ADC7BD2-C1AB-41A3-922E-E6AEA461B6D4}"
EndProject
Project("{2150E333-8FDC-42A3-9474-1A3956D46DE8}") = "Identidade", "Identidade", "{B2441EF4-58BB-4EC9-8903-5A85FCADBDC7}"
EndProject
Project("{FAE04EC0-301F-11D3-BF4B-00C04F79EFBC}") = "NSE.Identidade.API", "src\services\NSE.Identidade.API\NSE.Identidade.API.csproj", "{5595E139-E9A8-46CB-BCD0-9A2F403A1233}"
EndProject
Project("{2150E333-8FDC-42A3-9474-1A3956D46DE8}") = "MVC", "MVC", "{6ED18A28-6422-4495-99D5-CA1500855410}"
EndProject
Project("{2150E333-8FDC-42A3-9474-1A3956D46DE8}") = "Solution Items", "Solution Items", "{4A58DB41-4086-4DE7-9A08-6BE316BC4C1E}"
	ProjectSection(SolutionItems) = preProject
		compose.yaml = compose.yaml
	EndProjectSection
EndProject
Project("{FAE04EC0-301F-11D3-BF4B-00C04F79EFBC}") = "NSE.WebApp.MVC", "src\web\NSE.WebApp.MVC\NSE.WebApp.MVC.csproj", "{2E6FE745-CAA8-4146-A908-B6FFBD3504E7}"
EndProject
Project("{2150E333-8FDC-42A3-9474-1A3956D46DE8}") = "Core", "Core", "{C42022F1-73B1-4DDA-9F64-AFF1115ACB45}"
EndProject
Project("{FAE04EC0-301F-11D3-BF4B-00C04F79EFBC}") = "NSE.Core", "src\building blocks\NSE.Core\NSE.Core.csproj", "{E43F2039-6581-459C-9532-93A4B534704A}"
EndProject
Project("{2150E333-8FDC-42A3-9474-1A3956D46DE8}") = "Carrinho", "Carrinho", "{7EC1F857-3CD9-465D-942E-3227A3A72559}"
EndProject
Project("{FAE04EC0-301F-11D3-BF4B-00C04F79EFBC}") = "NSE.Carrinho.API", "src\services\NSE.Carrinho.API\NSE.Carrinho.API.csproj", "{ADC9D17B-BDA2-4A05-9669-63F1ECF3C433}"
EndProject
Project("{2150E333-8FDC-42A3-9474-1A3956D46DE8}") = "Catalogo", "Catalogo", "{7D83BEC1-68A8-4CD1-84FA-A1816E69C062}"
EndProject
Project("{FAE04EC0-301F-11D3-BF4B-00C04F79EFBC}") = "NSE.Catalogo.API", "src\services\NSE.Catalogo.API\NSE.Catalogo.API.csproj", "{CD9D80A7-B7AE-44B3-B8EF-195197C0C5F3}"
EndProject
Project("{2150E333-8FDC-42A3-9474-1A3956D46DE8}") = "Cliente", "Cliente", "{D100C20F-282C-4AE7-B5E3-6FE9C5E9A084}"
EndProject
Project("{FAE04EC0-301F-11D3-BF4B-00C04F79EFBC}") = "NSE.Cliente.API", "src\services\NSE.Cliente.API\NSE.Cliente.API.csproj", "{E1F4332F-6001-448C-A035-BE1D6C9F5E40}"
EndProject
Project("{2150E333-8FDC-42A3-9474-1A3956D46DE8}") = "Pagamento", "Pagamento", "{C131FFAE-A4AA-4FE5-98DE-47B97A477012}"
EndProject
Project("{FAE04EC0-301F-11D3-BF4B-00C04F79EFBC}") = "NSE.Pagamento.API", "src\services\NSE.Pagamento.API\NSE.Pagamento.API.csproj", "{3D6FDE2D-270B-477A-954A-1D7BB4ABF737}"
EndProject
Project("{2150E333-8FDC-42A3-9474-1A3956D46DE8}") = "Pedido", "Pedido", "{0D1FFC71-C557-419B-8453-D78C2465AB80}"
EndProject
Project("{FAE04EC0-301F-11D3-BF4B-00C04F79EFBC}") = "NSE.Pedido.API", "src\services\NSE.Pedido.API\NSE.Pedido.API.csproj", "{AA57E1E3-424A-4FDD-AE95-9FA83B84ED81}"
EndProject
Global
	GlobalSection(SolutionConfigurationPlatforms) = preSolution
		Debug|Any CPU = Debug|Any CPU
		Release|Any CPU = Release|Any CPU
	EndGlobalSection
	GlobalSection(SolutionProperties) = preSolution
		HideSolutionNode = FALSE
	EndGlobalSection
	GlobalSection(NestedProjects) = preSolution
		{005E7FDC-6A1D-48E3-905D-377CB895EB62} = {C1CD4B2F-02A6-4DF8-89B4-D1CD3495B31A}
		{5068E0A2-5C9D-4467-9703-13D013ECF067} = {C1CD4B2F-02A6-4DF8-89B4-D1CD3495B31A}
		{5ADC7BD2-C1AB-41A3-922E-E6AEA461B6D4} = {C1CD4B2F-02A6-4DF8-89B4-D1CD3495B31A}
		{B2441EF4-58BB-4EC9-8903-5A85FCADBDC7} = {5068E0A2-5C9D-4467-9703-13D013ECF067}
		{5595E139-E9A8-46CB-BCD0-9A2F403A1233} = {B2441EF4-58BB-4EC9-8903-5A85FCADBDC7}
		{6ED18A28-6422-4495-99D5-CA1500855410} = {5ADC7BD2-C1AB-41A3-922E-E6AEA461B6D4}
		{2E6FE745-CAA8-4146-A908-B6FFBD3504E7} = {6ED18A28-6422-4495-99D5-CA1500855410}
		{C42022F1-73B1-4DDA-9F64-AFF1115ACB45} = {005E7FDC-6A1D-48E3-905D-377CB895EB62}
		{E43F2039-6581-459C-9532-93A4B534704A} = {C42022F1-73B1-4DDA-9F64-AFF1115ACB45}
		{7EC1F857-3CD9-465D-942E-3227A3A72559} = {5068E0A2-5C9D-4467-9703-13D013ECF067}
		{ADC9D17B-BDA2-4A05-9669-63F1ECF3C433} = {7EC1F857-3CD9-465D-942E-3227A3A72559}
		{7D83BEC1-68A8-4CD1-84FA-A1816E69C062} = {5068E0A2-5C9D-4467-9703-13D013ECF067}
		{CD9D80A7-B7AE-44B3-B8EF-195197C0C5F3} = {7D83BEC1-68A8-4CD1-84FA-A1816E69C062}
		{D100C20F-282C-4AE7-B5E3-6FE9C5E9A084} = {5068E0A2-5C9D-4467-9703-13D013ECF067}
		{E1F4332F-6001-448C-A035-BE1D6C9F5E40} = {D100C20F-282C-4AE7-B5E3-6FE9C5E9A084}
		{C131FFAE-A4AA-4FE5-98DE-47B97A477012} = {5068E0A2-5C9D-4467-9703-13D013ECF067}
		{3D6FDE2D-270B-477A-954A-1D7BB4ABF737} = {C131FFAE-A4AA-4FE5-98DE-47B97A477012}
		{0D1FFC71-C557-419B-8453-D78C2465AB80} = {5068E0A2-5C9D-4467-9703-13D013ECF067}
		{AA57E1E3-424A-4FDD-AE95-9FA83B84ED81} = {0D1FFC71-C557-419B-8453-D78C2465AB80}
	EndGlobalSection
	GlobalSection(ProjectConfigurationPlatforms) = postSolution
		{5595E139-E9A8-46CB-BCD0-9A2F403A1233}.Debug|Any CPU.ActiveCfg = Debug|Any CPU
		{5595E139-E9A8-46CB-BCD0-9A2F403A1233}.Debug|Any CPU.Build.0 = Debug|Any CPU
		{5595E139-E9A8-46CB-BCD0-9A2F403A1233}.Release|Any CPU.ActiveCfg = Release|Any CPU
		{5595E139-E9A8-46CB-BCD0-9A2F403A1233}.Release|Any CPU.Build.0 = Release|Any CPU
		{2E6FE745-CAA8-4146-A908-B6FFBD3504E7}.Debug|Any CPU.ActiveCfg = Debug|Any CPU
		{2E6FE745-CAA8-4146-A908-B6FFBD3504E7}.Debug|Any CPU.Build.0 = Debug|Any CPU
		{2E6FE745-CAA8-4146-A908-B6FFBD3504E7}.Release|Any CPU.ActiveCfg = Release|Any CPU
		{2E6FE745-CAA8-4146-A908-B6FFBD3504E7}.Release|Any CPU.Build.0 = Release|Any CPU
		{E43F2039-6581-459C-9532-93A4B534704A}.Debug|Any CPU.ActiveCfg = Debug|Any CPU
		{E43F2039-6581-459C-9532-93A4B534704A}.Debug|Any CPU.Build.0 = Debug|Any CPU
		{E43F2039-6581-459C-9532-93A4B534704A}.Release|Any CPU.ActiveCfg = Release|Any CPU
		{E43F2039-6581-459C-9532-93A4B534704A}.Release|Any CPU.Build.0 = Release|Any CPU
		{ADC9D17B-BDA2-4A05-9669-63F1ECF3C433}.Debug|Any CPU.ActiveCfg = Debug|Any CPU
		{ADC9D17B-BDA2-4A05-9669-63F1ECF3C433}.Debug|Any CPU.Build.0 = Debug|Any CPU
		{ADC9D17B-BDA2-4A05-9669-63F1ECF3C433}.Release|Any CPU.ActiveCfg = Release|Any CPU
		{ADC9D17B-BDA2-4A05-9669-63F1ECF3C433}.Release|Any CPU.Build.0 = Release|Any CPU
		{CD9D80A7-B7AE-44B3-B8EF-195197C0C5F3}.Debug|Any CPU.ActiveCfg = Debug|Any CPU
		{CD9D80A7-B7AE-44B3-B8EF-195197C0C5F3}.Debug|Any CPU.Build.0 = Debug|Any CPU
		{CD9D80A7-B7AE-44B3-B8EF-195197C0C5F3}.Release|Any CPU.ActiveCfg = Release|Any CPU
		{CD9D80A7-B7AE-44B3-B8EF-195197C0C5F3}.Release|Any CPU.Build.0 = Release|Any CPU
		{E1F4332F-6001-448C-A035-BE1D6C9F5E40}.Debug|Any CPU.ActiveCfg = Debug|Any CPU
		{E1F4332F-6001-448C-A035-BE1D6C9F5E40}.Debug|Any CPU.Build.0 = Debug|Any CPU
		{E1F4332F-6001-448C-A035-BE1D6C9F5E40}.Release|Any CPU.ActiveCfg = Release|Any CPU
		{E1F4332F-6001-448C-A035-BE1D6C9F5E40}.Release|Any CPU.Build.0 = Release|Any CPU
		{3D6FDE2D-270B-477A-954A-1D7BB4ABF737}.Debug|Any CPU.ActiveCfg = Debug|Any CPU
		{3D6FDE2D-270B-477A-954A-1D7BB4ABF737}.Debug|Any CPU.Build.0 = Debug|Any CPU
		{3D6FDE2D-270B-477A-954A-1D7BB4ABF737}.Release|Any CPU.ActiveCfg = Release|Any CPU
		{3D6FDE2D-270B-477A-954A-1D7BB4ABF737}.Release|Any CPU.Build.0 = Release|Any CPU
		{AA57E1E3-424A-4FDD-AE95-9FA83B84ED81}.Debug|Any CPU.ActiveCfg = Debug|Any CPU
		{AA57E1E3-424A-4FDD-AE95-9FA83B84ED81}.Debug|Any CPU.Build.0 = Debug|Any CPU
		{AA57E1E3-424A-4FDD-AE95-9FA83B84ED81}.Release|Any CPU.ActiveCfg = Release|Any CPU
		{AA57E1E3-424A-4FDD-AE95-9FA83B84ED81}.Release|Any CPU.Build.0 = Release|Any CPU
	EndGlobalSection
EndGlobal
